
Microsoft Visual Studio Solution File, Format Version 12.00
# Visual Studio 15
VisualStudioVersion = 15.0.27004.2002
MinimumVisualStudioVersion = 10.0.40219.1
Project("{FAE04EC0-301F-11D3-BF4B-00C04F79EFBC}") = "DPProxy", "DPProxy\DPProxy.csproj", "{B9EDD432-A390-4504-8A5A-5DBBF4DF768C}"
EndProject
Global
	GlobalSection(SolutionConfigurationPlatforms) = preSolution
		Debug|Any CPU = Debug|Any CPU
		Release|Any CPU = Release|Any CPU
	EndGlobalSection
	GlobalSection(ProjectConfigurationPlatforms) = postSolution
		{B9EDD432-A390-4504-8A5A-5DBBF4DF768C}.Debug|Any CPU.ActiveCfg = Debug|Any CPU
		{B9EDD432-A390-4504-8A5A-5DBBF4DF768C}.Debug|Any CPU.Build.0 = Debug|Any CPU
		{B9EDD432-A390-4504-8A5A-5DBBF4DF768C}.Release|Any CPU.ActiveCfg = Release|Any CPU
		{B9EDD432-A390-4504-8A5A-5DBBF4DF768C}.Release|Any CPU.Build.0 = Release|Any CPU
	EndGlobalSection
	GlobalSection(SolutionProperties) = preSolution
		HideSolutionNode = FALSE
	EndGlobalSection
	GlobalSection(ExtensibilityGlobals) = postSolution
		SolutionGuid = {430EFAB8-5317-4882-A65E-F53AC49A3223}
	EndGlobalSection
EndGlobal
